// !$*UTF8*$!
{
	archiveVersion = 1;
	classes = {
	};
	objectVersion = 46;
	objects = {

/* Begin PBXBuildFile section */
		930A61CD145FAED000CA787A /* DictionaryHelper.m in Sources */ = {isa = PBXBuildFile; fileRef = 930A61CB145FAED000CA787A /* DictionaryHelper.m */; };
		933E502A14546CF7004467AC /* UIKit.framework in Frameworks */ = {isa = PBXBuildFile; fileRef = 933E502914546CF7004467AC /* UIKit.framework */; };
		933E502C14546CF7004467AC /* Foundation.framework in Frameworks */ = {isa = PBXBuildFile; fileRef = 933E502B14546CF7004467AC /* Foundation.framework */; };
		933E502E14546CF7004467AC /* CoreGraphics.framework in Frameworks */ = {isa = PBXBuildFile; fileRef = 933E502D14546CF7004467AC /* CoreGraphics.framework */; };
		933E503414546CF7004467AC /* InfoPlist.strings in Resources */ = {isa = PBXBuildFile; fileRef = 933E503214546CF7004467AC /* InfoPlist.strings */; };
		933E503614546CF7004467AC /* main.m in Sources */ = {isa = PBXBuildFile; fileRef = 933E503514546CF7004467AC /* main.m */; };
		933E503A14546CF7004467AC /* AppDelegate.m in Sources */ = {isa = PBXBuildFile; fileRef = 933E503914546CF7004467AC /* AppDelegate.m */; };
		933E503D14546CF7004467AC /* MainStoryboard.storyboard in Resources */ = {isa = PBXBuildFile; fileRef = 933E503B14546CF7004467AC /* MainStoryboard.storyboard */; };
		933E504014546CF7004467AC /* HPMasterViewController.m in Sources */ = {isa = PBXBuildFile; fileRef = 933E503F14546CF7004467AC /* HPMasterViewController.m */; };
		933E50971458661F004467AC /* HPArtistTableViewController.m in Sources */ = {isa = PBXBuildFile; fileRef = 933E50961458661E004467AC /* HPArtistTableViewController.m */; };
		933E50A2145875B0004467AC /* Artist.m in Sources */ = {isa = PBXBuildFile; fileRef = 933E50A0145875B0004467AC /* Artist.m */; };
		933E50C5145879C6004467AC /* AFHTTPClient.m in Sources */ = {isa = PBXBuildFile; fileRef = 933E50AE145879C6004467AC /* AFHTTPClient.m */; settings = {COMPILER_FLAGS = "-fno-objc-arc"; }; };
		933E50C6145879C6004467AC /* AFHTTPRequestOperation.m in Sources */ = {isa = PBXBuildFile; fileRef = 933E50B0145879C6004467AC /* AFHTTPRequestOperation.m */; settings = {COMPILER_FLAGS = "-fno-objc-arc"; }; };
		933E50C7145879C6004467AC /* AFImageCache.m in Sources */ = {isa = PBXBuildFile; fileRef = 933E50B2145879C6004467AC /* AFImageCache.m */; settings = {COMPILER_FLAGS = "-fno-objc-arc"; }; };
		933E50C8145879C6004467AC /* AFImageRequestOperation.m in Sources */ = {isa = PBXBuildFile; fileRef = 933E50B4145879C6004467AC /* AFImageRequestOperation.m */; settings = {COMPILER_FLAGS = "-fno-objc-arc"; }; };
		933E50C9145879C6004467AC /* AFJSONRequestOperation.m in Sources */ = {isa = PBXBuildFile; fileRef = 933E50B6145879C6004467AC /* AFJSONRequestOperation.m */; settings = {COMPILER_FLAGS = "-fno-objc-arc"; }; };
		933E50CA145879C6004467AC /* AFNetworkActivityIndicatorManager.m in Sources */ = {isa = PBXBuildFile; fileRef = 933E50B8145879C6004467AC /* AFNetworkActivityIndicatorManager.m */; settings = {COMPILER_FLAGS = "-fno-objc-arc"; }; };
		933E50CB145879C6004467AC /* AFPropertyListRequestOperation.m in Sources */ = {isa = PBXBuildFile; fileRef = 933E50BB145879C6004467AC /* AFPropertyListRequestOperation.m */; settings = {COMPILER_FLAGS = "-fno-objc-arc"; }; };
		933E50CC145879C6004467AC /* AFURLConnectionOperation.m in Sources */ = {isa = PBXBuildFile; fileRef = 933E50BD145879C6004467AC /* AFURLConnectionOperation.m */; settings = {COMPILER_FLAGS = "-fno-objc-arc"; }; };
		933E50CD145879C6004467AC /* AFXMLRequestOperation.m in Sources */ = {isa = PBXBuildFile; fileRef = 933E50BF145879C6004467AC /* AFXMLRequestOperation.m */; settings = {COMPILER_FLAGS = "-fno-objc-arc"; }; };
		933E50CE145879C6004467AC /* UIImageView+AFNetworking.m in Sources */ = {isa = PBXBuildFile; fileRef = 933E50C1145879C6004467AC /* UIImageView+AFNetworking.m */; settings = {COMPILER_FLAGS = "-fno-objc-arc"; }; };
		933E50CF145879C6004467AC /* JSONKit.m in Sources */ = {isa = PBXBuildFile; fileRef = 933E50C4145879C6004467AC /* JSONKit.m */; settings = {COMPILER_FLAGS = "-fno-objc-arc"; }; };
		933E50D614594F59004467AC /* QuartzCore.framework in Frameworks */ = {isa = PBXBuildFile; fileRef = 933E50D514594F58004467AC /* QuartzCore.framework */; };
		933E50DB14594FA8004467AC /* SVProgressHUD.bundle in Resources */ = {isa = PBXBuildFile; fileRef = 933E50D814594FA8004467AC /* SVProgressHUD.bundle */; };
		933E50DC14594FA8004467AC /* SVProgressHUD.m in Sources */ = {isa = PBXBuildFile; fileRef = 933E50DA14594FA8004467AC /* SVProgressHUD.m */; };
		93612B48145EBFAA00832D60 /* libTestFlight.a in Frameworks */ = {isa = PBXBuildFile; fileRef = 93612B46145EBFAA00832D60 /* libTestFlight.a */; };
		9388894D145FCA8B005E871C /* HPHelloRankingAPIClient.m in Sources */ = {isa = PBXBuildFile; fileRef = 9388894B145FCA8B005E871C /* HPHelloRankingAPIClient.m */; };
		9388895314618E1D005E871C /* PartitionObjectsHelper.m in Sources */ = {isa = PBXBuildFile; fileRef = 9388895214618E1D005E871C /* PartitionObjectsHelper.m */; };
		9388896314619426005E871C /* LRIndexedCollationWithSearch.m in Sources */ = {isa = PBXBuildFile; fileRef = 9388896114619426005E871C /* LRIndexedCollationWithSearch.m */; };
		93AFD2FA145C61670092B874 /* HPArtistDetailViewController.m in Sources */ = {isa = PBXBuildFile; fileRef = 93AFD2F8145C61670092B874 /* HPArtistDetailViewController.m */; };
		93AFD2FD145D083B0092B874 /* HPGroupDetailViewController.m in Sources */ = {isa = PBXBuildFile; fileRef = 93AFD2FB145D083B0092B874 /* HPGroupDetailViewController.m */; };
		93D802B71463A74900C98711 /* NSDate+RFC2822.m in Sources */ = {isa = PBXBuildFile; fileRef = 93D802B61463A74900C98711 /* NSDate+RFC2822.m */; };
		93D8026D1462DE3400C98711 /* Membership.m in Sources */ = {isa = PBXBuildFile; fileRef = 93D8026C1462DE3400C98711 /* Membership.m */; };
		93D802B71463A74900C98711 /* NSDate+RFC2822.m in Sources */ = {isa = PBXBuildFile; fileRef = 93D802B61463A74900C98711 /* NSDate+RFC2822.m */; };
		93D802C2146421AB00C98711 /* HPListTableViewController.m in Sources */ = {isa = PBXBuildFile; fileRef = 93D802C1146421AA00C98711 /* HPListTableViewController.m */; };
		93D802D71465078300C98711 /* HPDetailTableViewController.m in Sources */ = {isa = PBXBuildFile; fileRef = 93D802D61465078100C98711 /* HPDetailTableViewController.m */; };
		93FCCF2A145C22200074CEE3 /* HPGroupTableViewController.m in Sources */ = {isa = PBXBuildFile; fileRef = 93FCCF28145C22200074CEE3 /* HPGroupTableViewController.m */; };
		93FCCF2E145C22350074CEE3 /* Group.m in Sources */ = {isa = PBXBuildFile; fileRef = 93FCCF2C145C22350074CEE3 /* Group.m */; };
/* End PBXBuildFile section */

/* Begin PBXFileReference section */
		930A61CB145FAED000CA787A /* DictionaryHelper.m */ = {isa = PBXFileReference; fileEncoding = 4; lastKnownFileType = sourcecode.c.objc; path = DictionaryHelper.m; sourceTree = "<group>"; };
		930A61CC145FAED000CA787A /* DictionaryHelper.h */ = {isa = PBXFileReference; fileEncoding = 4; lastKnownFileType = sourcecode.c.h; path = DictionaryHelper.h; sourceTree = "<group>"; };
		933E502514546CF7004467AC /* Hello! Pocket.app */ = {isa = PBXFileReference; explicitFileType = wrapper.application; includeInIndex = 0; path = "Hello! Pocket.app"; sourceTree = BUILT_PRODUCTS_DIR; };
		933E502914546CF7004467AC /* UIKit.framework */ = {isa = PBXFileReference; lastKnownFileType = wrapper.framework; name = UIKit.framework; path = System/Library/Frameworks/UIKit.framework; sourceTree = SDKROOT; };
		933E502B14546CF7004467AC /* Foundation.framework */ = {isa = PBXFileReference; lastKnownFileType = wrapper.framework; name = Foundation.framework; path = System/Library/Frameworks/Foundation.framework; sourceTree = SDKROOT; };
		933E502D14546CF7004467AC /* CoreGraphics.framework */ = {isa = PBXFileReference; lastKnownFileType = wrapper.framework; name = CoreGraphics.framework; path = System/Library/Frameworks/CoreGraphics.framework; sourceTree = SDKROOT; };
		933E503114546CF7004467AC /* Info.plist */ = {isa = PBXFileReference; lastKnownFileType = text.plist.xml; path = Info.plist; sourceTree = "<group>"; };
		933E503314546CF7004467AC /* en */ = {isa = PBXFileReference; lastKnownFileType = text.plist.strings; name = en; path = en.lproj/InfoPlist.strings; sourceTree = "<group>"; };
		933E503514546CF7004467AC /* main.m */ = {isa = PBXFileReference; lastKnownFileType = sourcecode.c.objc; lineEnding = 0; path = main.m; sourceTree = "<group>"; xcLanguageSpecificationIdentifier = xcode.lang.objc; };
		933E503714546CF7004467AC /* Prefix.pch */ = {isa = PBXFileReference; lastKnownFileType = sourcecode.c.h; path = Prefix.pch; sourceTree = "<group>"; };
		933E503814546CF7004467AC /* AppDelegate.h */ = {isa = PBXFileReference; lastKnownFileType = sourcecode.c.h; path = AppDelegate.h; sourceTree = "<group>"; };
		933E503914546CF7004467AC /* AppDelegate.m */ = {isa = PBXFileReference; lastKnownFileType = sourcecode.c.objc; path = AppDelegate.m; sourceTree = "<group>"; };
		933E503C14546CF7004467AC /* en */ = {isa = PBXFileReference; lastKnownFileType = file.storyboard; name = en; path = en.lproj/MainStoryboard.storyboard; sourceTree = "<group>"; };
		933E503E14546CF7004467AC /* HPMasterViewController.h */ = {isa = PBXFileReference; lastKnownFileType = sourcecode.c.h; lineEnding = 0; path = HPMasterViewController.h; sourceTree = "<group>"; xcLanguageSpecificationIdentifier = xcode.lang.objcpp; };
		933E503F14546CF7004467AC /* HPMasterViewController.m */ = {isa = PBXFileReference; lastKnownFileType = sourcecode.c.objc; lineEnding = 0; path = HPMasterViewController.m; sourceTree = "<group>"; xcLanguageSpecificationIdentifier = xcode.lang.objc; };
		933E50951458661E004467AC /* HPArtistTableViewController.h */ = {isa = PBXFileReference; fileEncoding = 4; lastKnownFileType = sourcecode.c.h; path = HPArtistTableViewController.h; sourceTree = "<group>"; };
		933E50961458661E004467AC /* HPArtistTableViewController.m */ = {isa = PBXFileReference; fileEncoding = 4; lastKnownFileType = sourcecode.c.objc; path = HPArtistTableViewController.m; sourceTree = "<group>"; };
		933E50A0145875B0004467AC /* Artist.m */ = {isa = PBXFileReference; fileEncoding = 4; lastKnownFileType = sourcecode.c.objc; path = Artist.m; sourceTree = "<group>"; };
		933E50A1145875B0004467AC /* Artist.h */ = {isa = PBXFileReference; fileEncoding = 4; lastKnownFileType = sourcecode.c.h; path = Artist.h; sourceTree = "<group>"; };
		933E50AD145879C6004467AC /* AFHTTPClient.h */ = {isa = PBXFileReference; fileEncoding = 4; lastKnownFileType = sourcecode.c.h; path = AFHTTPClient.h; sourceTree = "<group>"; };
		933E50AE145879C6004467AC /* AFHTTPClient.m */ = {isa = PBXFileReference; fileEncoding = 4; lastKnownFileType = sourcecode.c.objc; path = AFHTTPClient.m; sourceTree = "<group>"; };
		933E50AF145879C6004467AC /* AFHTTPRequestOperation.h */ = {isa = PBXFileReference; fileEncoding = 4; lastKnownFileType = sourcecode.c.h; path = AFHTTPRequestOperation.h; sourceTree = "<group>"; };
		933E50B0145879C6004467AC /* AFHTTPRequestOperation.m */ = {isa = PBXFileReference; fileEncoding = 4; lastKnownFileType = sourcecode.c.objc; path = AFHTTPRequestOperation.m; sourceTree = "<group>"; };
		933E50B1145879C6004467AC /* AFImageCache.h */ = {isa = PBXFileReference; fileEncoding = 4; lastKnownFileType = sourcecode.c.h; path = AFImageCache.h; sourceTree = "<group>"; };
		933E50B2145879C6004467AC /* AFImageCache.m */ = {isa = PBXFileReference; fileEncoding = 4; lastKnownFileType = sourcecode.c.objc; path = AFImageCache.m; sourceTree = "<group>"; };
		933E50B3145879C6004467AC /* AFImageRequestOperation.h */ = {isa = PBXFileReference; fileEncoding = 4; lastKnownFileType = sourcecode.c.h; path = AFImageRequestOperation.h; sourceTree = "<group>"; };
		933E50B4145879C6004467AC /* AFImageRequestOperation.m */ = {isa = PBXFileReference; fileEncoding = 4; lastKnownFileType = sourcecode.c.objc; path = AFImageRequestOperation.m; sourceTree = "<group>"; };
		933E50B5145879C6004467AC /* AFJSONRequestOperation.h */ = {isa = PBXFileReference; fileEncoding = 4; lastKnownFileType = sourcecode.c.h; path = AFJSONRequestOperation.h; sourceTree = "<group>"; };
		933E50B6145879C6004467AC /* AFJSONRequestOperation.m */ = {isa = PBXFileReference; fileEncoding = 4; lastKnownFileType = sourcecode.c.objc; path = AFJSONRequestOperation.m; sourceTree = "<group>"; };
		933E50B7145879C6004467AC /* AFNetworkActivityIndicatorManager.h */ = {isa = PBXFileReference; fileEncoding = 4; lastKnownFileType = sourcecode.c.h; path = AFNetworkActivityIndicatorManager.h; sourceTree = "<group>"; };
		933E50B8145879C6004467AC /* AFNetworkActivityIndicatorManager.m */ = {isa = PBXFileReference; fileEncoding = 4; lastKnownFileType = sourcecode.c.objc; path = AFNetworkActivityIndicatorManager.m; sourceTree = "<group>"; };
		933E50B9145879C6004467AC /* AFNetworking.h */ = {isa = PBXFileReference; fileEncoding = 4; lastKnownFileType = sourcecode.c.h; path = AFNetworking.h; sourceTree = "<group>"; };
		933E50BA145879C6004467AC /* AFPropertyListRequestOperation.h */ = {isa = PBXFileReference; fileEncoding = 4; lastKnownFileType = sourcecode.c.h; path = AFPropertyListRequestOperation.h; sourceTree = "<group>"; };
		933E50BB145879C6004467AC /* AFPropertyListRequestOperation.m */ = {isa = PBXFileReference; fileEncoding = 4; lastKnownFileType = sourcecode.c.objc; path = AFPropertyListRequestOperation.m; sourceTree = "<group>"; };
		933E50BC145879C6004467AC /* AFURLConnectionOperation.h */ = {isa = PBXFileReference; fileEncoding = 4; lastKnownFileType = sourcecode.c.h; path = AFURLConnectionOperation.h; sourceTree = "<group>"; };
		933E50BD145879C6004467AC /* AFURLConnectionOperation.m */ = {isa = PBXFileReference; fileEncoding = 4; lastKnownFileType = sourcecode.c.objc; path = AFURLConnectionOperation.m; sourceTree = "<group>"; };
		933E50BE145879C6004467AC /* AFXMLRequestOperation.h */ = {isa = PBXFileReference; fileEncoding = 4; lastKnownFileType = sourcecode.c.h; path = AFXMLRequestOperation.h; sourceTree = "<group>"; };
		933E50BF145879C6004467AC /* AFXMLRequestOperation.m */ = {isa = PBXFileReference; fileEncoding = 4; lastKnownFileType = sourcecode.c.objc; path = AFXMLRequestOperation.m; sourceTree = "<group>"; };
		933E50C0145879C6004467AC /* UIImageView+AFNetworking.h */ = {isa = PBXFileReference; fileEncoding = 4; lastKnownFileType = sourcecode.c.h; path = "UIImageView+AFNetworking.h"; sourceTree = "<group>"; };
		933E50C1145879C6004467AC /* UIImageView+AFNetworking.m */ = {isa = PBXFileReference; fileEncoding = 4; lastKnownFileType = sourcecode.c.objc; path = "UIImageView+AFNetworking.m"; sourceTree = "<group>"; };
		933E50C3145879C6004467AC /* JSONKit.h */ = {isa = PBXFileReference; fileEncoding = 4; lastKnownFileType = sourcecode.c.h; path = JSONKit.h; sourceTree = "<group>"; };
		933E50C4145879C6004467AC /* JSONKit.m */ = {isa = PBXFileReference; fileEncoding = 4; lastKnownFileType = sourcecode.c.objc; path = JSONKit.m; sourceTree = "<group>"; };
		933E50D514594F58004467AC /* QuartzCore.framework */ = {isa = PBXFileReference; lastKnownFileType = wrapper.framework; name = QuartzCore.framework; path = System/Library/Frameworks/QuartzCore.framework; sourceTree = SDKROOT; };
		933E50D814594FA8004467AC /* SVProgressHUD.bundle */ = {isa = PBXFileReference; lastKnownFileType = "wrapper.plug-in"; path = SVProgressHUD.bundle; sourceTree = "<group>"; };
		933E50D914594FA8004467AC /* SVProgressHUD.h */ = {isa = PBXFileReference; fileEncoding = 4; lastKnownFileType = sourcecode.c.h; path = SVProgressHUD.h; sourceTree = "<group>"; };
		933E50DA14594FA8004467AC /* SVProgressHUD.m */ = {isa = PBXFileReference; fileEncoding = 4; lastKnownFileType = sourcecode.c.objc; path = SVProgressHUD.m; sourceTree = "<group>"; };
		93612B46145EBFAA00832D60 /* libTestFlight.a */ = {isa = PBXFileReference; lastKnownFileType = archive.ar; path = libTestFlight.a; sourceTree = "<group>"; };
		93612B47145EBFAA00832D60 /* TestFlight.h */ = {isa = PBXFileReference; fileEncoding = 4; lastKnownFileType = sourcecode.c.h; path = TestFlight.h; sourceTree = "<group>"; };
		9388894B145FCA8B005E871C /* HPHelloRankingAPIClient.m */ = {isa = PBXFileReference; fileEncoding = 4; lastKnownFileType = sourcecode.c.objc; name = HPHelloRankingAPIClient.m; path = "hello-pocket/Classes/HPHelloRankingAPIClient.m"; sourceTree = "<group>"; };
		9388894C145FCA8B005E871C /* HPHelloRankingAPIClient.h */ = {isa = PBXFileReference; fileEncoding = 4; lastKnownFileType = sourcecode.c.h; name = HPHelloRankingAPIClient.h; path = "hello-pocket/Classes/HPHelloRankingAPIClient.h"; sourceTree = "<group>"; };
		9388895114618E1D005E871C /* PartitionObjectsHelper.h */ = {isa = PBXFileReference; fileEncoding = 4; lastKnownFileType = sourcecode.c.h; path = PartitionObjectsHelper.h; sourceTree = "<group>"; };
		9388895214618E1D005E871C /* PartitionObjectsHelper.m */ = {isa = PBXFileReference; fileEncoding = 4; lastKnownFileType = sourcecode.c.objc; path = PartitionObjectsHelper.m; sourceTree = "<group>"; };
		9388896114619426005E871C /* LRIndexedCollationWithSearch.m */ = {isa = PBXFileReference; fileEncoding = 4; lastKnownFileType = sourcecode.c.objc; path = LRIndexedCollationWithSearch.m; sourceTree = "<group>"; };
		9388896214619426005E871C /* LRIndexedCollationWithSearch.h */ = {isa = PBXFileReference; fileEncoding = 4; lastKnownFileType = sourcecode.c.h; path = LRIndexedCollationWithSearch.h; sourceTree = "<group>"; };
		93AFD2F8145C61670092B874 /* HPArtistDetailViewController.m */ = {isa = PBXFileReference; fileEncoding = 4; lastKnownFileType = sourcecode.c.objc; path = HPArtistDetailViewController.m; sourceTree = "<group>"; };
		93AFD2F9145C61670092B874 /* HPArtistDetailViewController.h */ = {isa = PBXFileReference; fileEncoding = 4; lastKnownFileType = sourcecode.c.h; path = HPArtistDetailViewController.h; sourceTree = "<group>"; };
		93AFD2FB145D083B0092B874 /* HPGroupDetailViewController.m */ = {isa = PBXFileReference; fileEncoding = 4; lastKnownFileType = sourcecode.c.objc; path = HPGroupDetailViewController.m; sourceTree = "<group>"; };
		93AFD2FC145D083B0092B874 /* HPGroupDetailViewController.h */ = {isa = PBXFileReference; fileEncoding = 4; lastKnownFileType = sourcecode.c.h; path = HPGroupDetailViewController.h; sourceTree = "<group>"; };
		93D802B51463A74900C98711 /* NSDate+RFC2822.h */ = {isa = PBXFileReference; fileEncoding = 4; lastKnownFileType = sourcecode.c.h; path = "NSDate+RFC2822.h"; sourceTree = "<group>"; };
		93D802B61463A74900C98711 /* NSDate+RFC2822.m */ = {isa = PBXFileReference; fileEncoding = 4; lastKnownFileType = sourcecode.c.objc; path = "NSDate+RFC2822.m"; sourceTree = "<group>"; };
		93D8026B1462DE3400C98711 /* Membership.h */ = {isa = PBXFileReference; fileEncoding = 4; lastKnownFileType = sourcecode.c.h; path = Membership.h; sourceTree = "<group>"; };
		93D8026C1462DE3400C98711 /* Membership.m */ = {isa = PBXFileReference; fileEncoding = 4; lastKnownFileType = sourcecode.c.objc; path = Membership.m; sourceTree = "<group>"; };
		93D802B51463A74900C98711 /* NSDate+RFC2822.h */ = {isa = PBXFileReference; fileEncoding = 4; lastKnownFileType = sourcecode.c.h; path = "NSDate+RFC2822.h"; sourceTree = "<group>"; };
		93D802B61463A74900C98711 /* NSDate+RFC2822.m */ = {isa = PBXFileReference; fileEncoding = 4; lastKnownFileType = sourcecode.c.objc; path = "NSDate+RFC2822.m"; sourceTree = "<group>"; };
		93D802C0146421AA00C98711 /* HPListTableViewController.h */ = {isa = PBXFileReference; fileEncoding = 4; lastKnownFileType = sourcecode.c.h; path = HPListTableViewController.h; sourceTree = "<group>"; };
		93D802C1146421AA00C98711 /* HPListTableViewController.m */ = {isa = PBXFileReference; fileEncoding = 4; lastKnownFileType = sourcecode.c.objc; path = HPListTableViewController.m; sourceTree = "<group>"; };
		93D802D51465077E00C98711 /* HPDetailTableViewController.h */ = {isa = PBXFileReference; fileEncoding = 4; lastKnownFileType = sourcecode.c.h; path = HPDetailTableViewController.h; sourceTree = "<group>"; };
		93D802D61465078100C98711 /* HPDetailTableViewController.m */ = {isa = PBXFileReference; fileEncoding = 4; lastKnownFileType = sourcecode.c.objc; path = HPDetailTableViewController.m; sourceTree = "<group>"; };
		93FCCF28145C22200074CEE3 /* HPGroupTableViewController.m */ = {isa = PBXFileReference; fileEncoding = 4; lastKnownFileType = sourcecode.c.objc; name = HPGroupTableViewController.m; path = Classes/Controllers/HPGroupTableViewController.m; sourceTree = SOURCE_ROOT; };
		93FCCF29145C22200074CEE3 /* HPGroupTableViewController.h */ = {isa = PBXFileReference; fileEncoding = 4; lastKnownFileType = sourcecode.c.h; name = HPGroupTableViewController.h; path = Classes/Controllers/HPGroupTableViewController.h; sourceTree = SOURCE_ROOT; };
		93FCCF2C145C22350074CEE3 /* Group.m */ = {isa = PBXFileReference; fileEncoding = 4; lastKnownFileType = sourcecode.c.objc; name = Group.m; path = Classes/Models/Group.m; sourceTree = SOURCE_ROOT; };
		93FCCF2D145C22350074CEE3 /* Group.h */ = {isa = PBXFileReference; fileEncoding = 4; lastKnownFileType = sourcecode.c.h; name = Group.h; path = Classes/Models/Group.h; sourceTree = SOURCE_ROOT; };
/* End PBXFileReference section */

/* Begin PBXFrameworksBuildPhase section */
		933E502214546CF7004467AC /* Frameworks */ = {
			isa = PBXFrameworksBuildPhase;
			buildActionMask = 2147483647;
			files = (
				93612B48145EBFAA00832D60 /* libTestFlight.a in Frameworks */,
				933E50D614594F59004467AC /* QuartzCore.framework in Frameworks */,
				933E502A14546CF7004467AC /* UIKit.framework in Frameworks */,
				933E502C14546CF7004467AC /* Foundation.framework in Frameworks */,
				933E502E14546CF7004467AC /* CoreGraphics.framework in Frameworks */,
			);
			runOnlyForDeploymentPostprocessing = 0;
		};
/* End PBXFrameworksBuildPhase section */

/* Begin PBXGroup section */
		930A61C9145FAE0900CA787A /* iOSBoilerplate */ = {
			isa = PBXGroup;
			children = (
				930A61CC145FAED000CA787A /* DictionaryHelper.h */,
				930A61CB145FAED000CA787A /* DictionaryHelper.m */,
			);
			path = iOSBoilerplate;
			sourceTree = "<group>";
		};
		933E501A14546CF6004467AC = {
			isa = PBXGroup;
			children = (
				933E502F14546CF7004467AC /* Hello! Pocket */,
				933E502814546CF7004467AC /* Frameworks */,
				933E502614546CF7004467AC /* Products */,
				933E50AB145879C5004467AC /* Vendors */,
			);
			sourceTree = "<group>";
		};
		933E502614546CF7004467AC /* Products */ = {
			isa = PBXGroup;
			children = (
				933E502514546CF7004467AC /* Hello! Pocket.app */,
			);
			name = Products;
			sourceTree = "<group>";
		};
		933E502814546CF7004467AC /* Frameworks */ = {
			isa = PBXGroup;
			children = (
				933E50D514594F58004467AC /* QuartzCore.framework */,
				933E502914546CF7004467AC /* UIKit.framework */,
				933E502B14546CF7004467AC /* Foundation.framework */,
				933E502D14546CF7004467AC /* CoreGraphics.framework */,
			);
			name = Frameworks;
			sourceTree = "<group>";
		};
		933E502F14546CF7004467AC /* Hello! Pocket */ = {
			isa = PBXGroup;
			children = (
				933E50491455280E004467AC /* Classes */,
				933E50D014587D94004467AC /* Networking Extensions */,
				933E504D1455288C004467AC /* Storyboards */,
				933E503014546CF7004467AC /* Supporting Files */,
			);
			name = "Hello! Pocket";
			sourceTree = "<group>";
		};
		933E503014546CF7004467AC /* Supporting Files */ = {
			isa = PBXGroup;
			children = (
				933E503814546CF7004467AC /* AppDelegate.h */,
				933E503914546CF7004467AC /* AppDelegate.m */,
				933E503114546CF7004467AC /* Info.plist */,
				933E503214546CF7004467AC /* InfoPlist.strings */,
				933E503514546CF7004467AC /* main.m */,
				933E503714546CF7004467AC /* Prefix.pch */,
			);
			name = "Supporting Files";
			sourceTree = "<group>";
		};
		933E50491455280E004467AC /* Classes */ = {
			isa = PBXGroup;
			children = (
				933E504A14552829004467AC /* Controllers */,
				933E504B1455285A004467AC /* Models */,
				933E504C14552862004467AC /* Views */,
				9388895414618EA7005E871C /* Helpers */,
			);
			path = Classes;
			sourceTree = "<group>";
		};
		933E504A14552829004467AC /* Controllers */ = {
			isa = PBXGroup;
			children = (
				93AFD2FF145D14DB0092B874 /* Artists */,
				93AFD2FE145D14850092B874 /* Groups */,
				933E503E14546CF7004467AC /* HPMasterViewController.h */,
				933E503F14546CF7004467AC /* HPMasterViewController.m */,
				93D802C0146421AA00C98711 /* HPListTableViewController.h */,
				93D802C1146421AA00C98711 /* HPListTableViewController.m */,
				93D802D51465077E00C98711 /* HPDetailTableViewController.h */,
				93D802D61465078100C98711 /* HPDetailTableViewController.m */,
			);
			path = Controllers;
			sourceTree = "<group>";
		};
		933E504B1455285A004467AC /* Models */ = {
			isa = PBXGroup;
			children = (
				933E50A1145875B0004467AC /* Artist.h */,
				933E50A0145875B0004467AC /* Artist.m */,
				93FCCF2D145C22350074CEE3 /* Group.h */,
				93FCCF2C145C22350074CEE3 /* Group.m */,
				93D8026B1462DE3400C98711 /* Membership.h */,
				93D8026C1462DE3400C98711 /* Membership.m */,
			);
			path = Models;
			sourceTree = "<group>";
		};
		933E504C14552862004467AC /* Views */ = {
			isa = PBXGroup;
			children = (
			);
			path = Views;
			sourceTree = "<group>";
		};
		933E504D1455288C004467AC /* Storyboards */ = {
			isa = PBXGroup;
			children = (
				933E503B14546CF7004467AC /* MainStoryboard.storyboard */,
			);
			name = Storyboards;
			sourceTree = "<group>";
		};
		933E50AB145879C5004467AC /* Vendors */ = {
			isa = PBXGroup;
			children = (
				933E50AC145879C6004467AC /* AFNetworking */,
				930A61C9145FAE0900CA787A /* iOSBoilerplate */,
				933E50C2145879C6004467AC /* JSONKit */,
				933E50D714594FA8004467AC /* SVProgressHUD */,
				93612B44145EBF9600832D60 /* TestFlight */,
				9388896214619426005E871C /* LRIndexedCollationWithSearch.h */,
				9388896114619426005E871C /* LRIndexedCollationWithSearch.m */,
			);
			path = Vendors;
			sourceTree = "<group>";
		};
		933E50AC145879C6004467AC /* AFNetworking */ = {
			isa = PBXGroup;
			children = (
				933E50AD145879C6004467AC /* AFHTTPClient.h */,
				933E50AE145879C6004467AC /* AFHTTPClient.m */,
				933E50AF145879C6004467AC /* AFHTTPRequestOperation.h */,
				933E50B0145879C6004467AC /* AFHTTPRequestOperation.m */,
				933E50B1145879C6004467AC /* AFImageCache.h */,
				933E50B2145879C6004467AC /* AFImageCache.m */,
				933E50B3145879C6004467AC /* AFImageRequestOperation.h */,
				933E50B4145879C6004467AC /* AFImageRequestOperation.m */,
				933E50B5145879C6004467AC /* AFJSONRequestOperation.h */,
				933E50B6145879C6004467AC /* AFJSONRequestOperation.m */,
				933E50B7145879C6004467AC /* AFNetworkActivityIndicatorManager.h */,
				933E50B8145879C6004467AC /* AFNetworkActivityIndicatorManager.m */,
				933E50B9145879C6004467AC /* AFNetworking.h */,
				933E50BA145879C6004467AC /* AFPropertyListRequestOperation.h */,
				933E50BB145879C6004467AC /* AFPropertyListRequestOperation.m */,
				933E50BC145879C6004467AC /* AFURLConnectionOperation.h */,
				933E50BD145879C6004467AC /* AFURLConnectionOperation.m */,
				933E50BE145879C6004467AC /* AFXMLRequestOperation.h */,
				933E50BF145879C6004467AC /* AFXMLRequestOperation.m */,
				933E50C0145879C6004467AC /* UIImageView+AFNetworking.h */,
				933E50C1145879C6004467AC /* UIImageView+AFNetworking.m */,
			);
			path = AFNetworking;
			sourceTree = "<group>";
		};
		933E50C2145879C6004467AC /* JSONKit */ = {
			isa = PBXGroup;
			children = (
				933E50C3145879C6004467AC /* JSONKit.h */,
				933E50C4145879C6004467AC /* JSONKit.m */,
			);
			path = JSONKit;
			sourceTree = "<group>";
		};
		933E50D014587D94004467AC /* Networking Extensions */ = {
			isa = PBXGroup;
			children = (
				9388894B145FCA8B005E871C /* HPHelloRankingAPIClient.m */,
				9388894C145FCA8B005E871C /* HPHelloRankingAPIClient.h */,
			);
			name = "Networking Extensions";
			path = ..;
			sourceTree = "<group>";
		};
		933E50D714594FA8004467AC /* SVProgressHUD */ = {
			isa = PBXGroup;
			children = (
				933E50D814594FA8004467AC /* SVProgressHUD.bundle */,
				933E50D914594FA8004467AC /* SVProgressHUD.h */,
				933E50DA14594FA8004467AC /* SVProgressHUD.m */,
			);
			path = SVProgressHUD;
			sourceTree = "<group>";
		};
		93612B44145EBF9600832D60 /* TestFlight */ = {
			isa = PBXGroup;
			children = (
				93612B46145EBFAA00832D60 /* libTestFlight.a */,
				93612B47145EBFAA00832D60 /* TestFlight.h */,
			);
			path = TestFlight;
			sourceTree = "<group>";
		};
		9388895414618EA7005E871C /* Helpers */ = {
			isa = PBXGroup;
			children = (
				9388895114618E1D005E871C /* PartitionObjectsHelper.h */,
				9388895214618E1D005E871C /* PartitionObjectsHelper.m */,
				93D802B51463A74900C98711 /* NSDate+RFC2822.h */,
				93D802B61463A74900C98711 /* NSDate+RFC2822.m */,
			);
			path = Helpers;
			sourceTree = "<group>";
		};
		93AFD2FE145D14850092B874 /* Groups */ = {
			isa = PBXGroup;
			children = (
				93AFD2FC145D083B0092B874 /* HPGroupDetailViewController.h */,
				93AFD2FB145D083B0092B874 /* HPGroupDetailViewController.m */,
				93FCCF29145C22200074CEE3 /* HPGroupTableViewController.h */,
				93FCCF28145C22200074CEE3 /* HPGroupTableViewController.m */,
			);
			name = Groups;
			sourceTree = "<group>";
		};
		93AFD2FF145D14DB0092B874 /* Artists */ = {
			isa = PBXGroup;
			children = (
				93AFD2F9145C61670092B874 /* HPArtistDetailViewController.h */,
				93AFD2F8145C61670092B874 /* HPArtistDetailViewController.m */,
				933E50951458661E004467AC /* HPArtistTableViewController.h */,
				933E50961458661E004467AC /* HPArtistTableViewController.m */,
			);
			name = Artists;
			sourceTree = "<group>";
		};
/* End PBXGroup section */

/* Begin PBXNativeTarget section */
		933E502414546CF7004467AC /* Hello! Pocket */ = {
			isa = PBXNativeTarget;
			buildConfigurationList = 933E504614546CF7004467AC /* Build configuration list for PBXNativeTarget "Hello! Pocket" */;
			buildPhases = (
				933E502114546CF7004467AC /* Sources */,
				933E502214546CF7004467AC /* Frameworks */,
				933E502314546CF7004467AC /* Resources */,
			);
			buildRules = (
			);
			dependencies = (
			);
			name = "Hello! Pocket";
			productName = "Hello! Pocket";
			productReference = 933E502514546CF7004467AC /* Hello! Pocket.app */;
			productType = "com.apple.product-type.application";
		};
/* End PBXNativeTarget section */

/* Begin PBXProject section */
		933E501C14546CF6004467AC /* Project object */ = {
			isa = PBXProject;
			attributes = {
				LastUpgradeCheck = 0420;
				ORGANIZATIONNAME = "Revyver, Inc.";
			};
			buildConfigurationList = 933E501F14546CF6004467AC /* Build configuration list for PBXProject "Hello! Pocket" */;
			compatibilityVersion = "Xcode 3.2";
			developmentRegion = English;
			hasScannedForEncodings = 0;
			knownRegions = (
				en,
			);
			mainGroup = 933E501A14546CF6004467AC;
			productRefGroup = 933E502614546CF7004467AC /* Products */;
			projectDirPath = "";
			projectRoot = "";
			targets = (
				933E502414546CF7004467AC /* Hello! Pocket */,
			);
		};
/* End PBXProject section */

/* Begin PBXResourcesBuildPhase section */
		933E502314546CF7004467AC /* Resources */ = {
			isa = PBXResourcesBuildPhase;
			buildActionMask = 2147483647;
			files = (
				933E503414546CF7004467AC /* InfoPlist.strings in Resources */,
				933E503D14546CF7004467AC /* MainStoryboard.storyboard in Resources */,
				933E50DB14594FA8004467AC /* SVProgressHUD.bundle in Resources */,
			);
			runOnlyForDeploymentPostprocessing = 0;
		};
/* End PBXResourcesBuildPhase section */

/* Begin PBXSourcesBuildPhase section */
		933E502114546CF7004467AC /* Sources */ = {
			isa = PBXSourcesBuildPhase;
			buildActionMask = 2147483647;
			files = (
				933E503614546CF7004467AC /* main.m in Sources */,
				933E503A14546CF7004467AC /* AppDelegate.m in Sources */,
				933E504014546CF7004467AC /* HPMasterViewController.m in Sources */,
				933E50971458661F004467AC /* HPArtistTableViewController.m in Sources */,
				933E50A2145875B0004467AC /* Artist.m in Sources */,
				933E50C5145879C6004467AC /* AFHTTPClient.m in Sources */,
				933E50C6145879C6004467AC /* AFHTTPRequestOperation.m in Sources */,
				933E50C7145879C6004467AC /* AFImageCache.m in Sources */,
				933E50C8145879C6004467AC /* AFImageRequestOperation.m in Sources */,
				933E50C9145879C6004467AC /* AFJSONRequestOperation.m in Sources */,
				933E50CA145879C6004467AC /* AFNetworkActivityIndicatorManager.m in Sources */,
				933E50CB145879C6004467AC /* AFPropertyListRequestOperation.m in Sources */,
				933E50CC145879C6004467AC /* AFURLConnectionOperation.m in Sources */,
				933E50CD145879C6004467AC /* AFXMLRequestOperation.m in Sources */,
				933E50CE145879C6004467AC /* UIImageView+AFNetworking.m in Sources */,
				933E50CF145879C6004467AC /* JSONKit.m in Sources */,
				933E50DC14594FA8004467AC /* SVProgressHUD.m in Sources */,
				93FCCF2A145C22200074CEE3 /* HPGroupTableViewController.m in Sources */,
				93FCCF2E145C22350074CEE3 /* Group.m in Sources */,
				93AFD2FA145C61670092B874 /* HPArtistDetailViewController.m in Sources */,
				93AFD2FD145D083B0092B874 /* HPGroupDetailViewController.m in Sources */,
				930A61CD145FAED000CA787A /* DictionaryHelper.m in Sources */,
				9388894D145FCA8B005E871C /* HPHelloRankingAPIClient.m in Sources */,
				9388895314618E1D005E871C /* PartitionObjectsHelper.m in Sources */,
				9388896314619426005E871C /* LRIndexedCollationWithSearch.m in Sources */,
				93D802B71463A74900C98711 /* NSDate+RFC2822.m in Sources */,
				93D8026D1462DE3400C98711 /* Membership.m in Sources */,
				93D802B71463A74900C98711 /* NSDate+RFC2822.m in Sources */,
				93D802C2146421AB00C98711 /* HPListTableViewController.m in Sources */,
				93D802D71465078300C98711 /* HPDetailTableViewController.m in Sources */,
			);
			runOnlyForDeploymentPostprocessing = 0;
		};
/* End PBXSourcesBuildPhase section */

/* Begin PBXVariantGroup section */
		933E503214546CF7004467AC /* InfoPlist.strings */ = {
			isa = PBXVariantGroup;
			children = (
				933E503314546CF7004467AC /* en */,
			);
			name = InfoPlist.strings;
			sourceTree = "<group>";
		};
		933E503B14546CF7004467AC /* MainStoryboard.storyboard */ = {
			isa = PBXVariantGroup;
			children = (
				933E503C14546CF7004467AC /* en */,
			);
			name = MainStoryboard.storyboard;
			sourceTree = "<group>";
		};
/* End PBXVariantGroup section */

/* Begin XCBuildConfiguration section */
		933E504414546CF7004467AC /* Debug */ = {
			isa = XCBuildConfiguration;
			buildSettings = {
				ALWAYS_SEARCH_USER_PATHS = NO;
				ARCHS = "$(ARCHS_STANDARD_32_BIT)";
				CLANG_ENABLE_OBJC_ARC = YES;
				"CODE_SIGN_IDENTITY[sdk=iphoneos*]" = "iPhone Developer";
				COPY_PHASE_STRIP = NO;
				GCC_C_LANGUAGE_STANDARD = gnu99;
				GCC_DYNAMIC_NO_PIC = NO;
				GCC_OPTIMIZATION_LEVEL = 0;
				GCC_PREPROCESSOR_DEFINITIONS = (
					"DEBUG=1",
					"$(inherited)",
				);
				GCC_SYMBOLS_PRIVATE_EXTERN = NO;
				GCC_VERSION = com.apple.compilers.llvm.clang.1_0;
				GCC_WARN_ABOUT_MISSING_PROTOTYPES = YES;
				GCC_WARN_ABOUT_RETURN_TYPE = YES;
				GCC_WARN_UNUSED_VARIABLE = YES;
				IPHONEOS_DEPLOYMENT_TARGET = 5.0;
				SDKROOT = iphoneos;
				STRIP_INSTALLED_PRODUCT = NO;
			};
			name = Debug;
		};
		933E504514546CF7004467AC /* Release */ = {
			isa = XCBuildConfiguration;
			buildSettings = {
				ALWAYS_SEARCH_USER_PATHS = NO;
				ARCHS = "$(ARCHS_STANDARD_32_BIT)";
				CLANG_ENABLE_OBJC_ARC = YES;
				"CODE_SIGN_IDENTITY[sdk=iphoneos*]" = "iPhone Developer";
				COPY_PHASE_STRIP = NO;
				GCC_C_LANGUAGE_STANDARD = gnu99;
				GCC_VERSION = com.apple.compilers.llvm.clang.1_0;
				GCC_WARN_ABOUT_MISSING_PROTOTYPES = YES;
				GCC_WARN_ABOUT_RETURN_TYPE = YES;
				GCC_WARN_UNUSED_VARIABLE = YES;
				IPHONEOS_DEPLOYMENT_TARGET = 5.0;
				OTHER_CFLAGS = "-DNS_BLOCK_ASSERTIONS=1";
				SDKROOT = iphoneos;
				STRIP_INSTALLED_PRODUCT = NO;
				VALIDATE_PRODUCT = YES;
			};
			name = Release;
		};
		933E504714546CF7004467AC /* Debug */ = {
			isa = XCBuildConfiguration;
			buildSettings = {
				GCC_PRECOMPILE_PREFIX_HEADER = YES;
				GCC_PREFIX_HEADER = Prefix.pch;
				INFOPLIST_FILE = Info.plist;
				LIBRARY_SEARCH_PATHS = (
					"$(inherited)",
					"\"$(SRCROOT)/Vendors\"",
					"\"$(SRCROOT)/Vendors/TestFlight\"",
				);
				PRODUCT_NAME = "$(TARGET_NAME)";
				WRAPPER_EXTENSION = app;
			};
			name = Debug;
		};
		933E504814546CF7004467AC /* Release */ = {
			isa = XCBuildConfiguration;
			buildSettings = {
				GCC_PRECOMPILE_PREFIX_HEADER = YES;
				GCC_PREFIX_HEADER = Prefix.pch;
				INFOPLIST_FILE = Info.plist;
				LIBRARY_SEARCH_PATHS = (
					"$(inherited)",
					"\"$(SRCROOT)/Vendors\"",
					"\"$(SRCROOT)/Vendors/TestFlight\"",
				);
				PRODUCT_NAME = "$(TARGET_NAME)";
				WRAPPER_EXTENSION = app;
			};
			name = Release;
		};
/* End XCBuildConfiguration section */

/* Begin XCConfigurationList section */
		933E501F14546CF6004467AC /* Build configuration list for PBXProject "Hello! Pocket" */ = {
			isa = XCConfigurationList;
			buildConfigurations = (
				933E504414546CF7004467AC /* Debug */,
				933E504514546CF7004467AC /* Release */,
			);
			defaultConfigurationIsVisible = 0;
			defaultConfigurationName = Release;
		};
		933E504614546CF7004467AC /* Build configuration list for PBXNativeTarget "Hello! Pocket" */ = {
			isa = XCConfigurationList;
			buildConfigurations = (
				933E504714546CF7004467AC /* Debug */,
				933E504814546CF7004467AC /* Release */,
			);
			defaultConfigurationIsVisible = 0;
			defaultConfigurationName = Release;
		};
/* End XCConfigurationList section */
	};
	rootObject = 933E501C14546CF6004467AC /* Project object */;
}
